// !$*UTF8*$!
{
	archiveVersion = 1;
	classes = {
	};
	objectVersion = 55;
	objects = {

/* Begin PBXBuildFile section */
		4D9E79BE26FCDC5300B0F107 /* ManagerApp.swift in Sources */ = {isa = PBXBuildFile; fileRef = 4D9E79BD26FCDC5300B0F107 /* ManagerApp.swift */; };
		4D9E79C026FCDC5300B0F107 /* ContentView.swift in Sources */ = {isa = PBXBuildFile; fileRef = 4D9E79BF26FCDC5300B0F107 /* ContentView.swift */; };
		4D9E79C226FCDC5300B0F107 /* Assets.xcassets in Resources */ = {isa = PBXBuildFile; fileRef = 4D9E79C126FCDC5300B0F107 /* Assets.xcassets */; };
		4D9E79C526FCDC5300B0F107 /* Preview Assets.xcassets in Resources */ = {isa = PBXBuildFile; fileRef = 4D9E79C426FCDC5300B0F107 /* Preview Assets.xcassets */; };
		4D9E79E626FCE0B500B0F107 /* NapoleonCore.framework in Frameworks */ = {isa = PBXBuildFile; fileRef = 4D9E79E026FCDF8900B0F107 /* NapoleonCore.framework */; platformFilter = ios; };
		4D9E79E726FCE0B500B0F107 /* NapoleonCore.framework in Embed Frameworks */ = {isa = PBXBuildFile; fileRef = 4D9E79E026FCDF8900B0F107 /* NapoleonCore.framework */; settings = {ATTRIBUTES = (CodeSignOnCopy, RemoveHeadersOnCopy, ); }; };
		4D9E79EC26FCEA9300B0F107 /* Settings.bundle in Resources */ = {isa = PBXBuildFile; fileRef = 4D9E79EB26FCEA9300B0F107 /* Settings.bundle */; };
		4D9E79F026FCEEF900B0F107 /* Localizable.strings in Resources */ = {isa = PBXBuildFile; fileRef = 4D9E79F226FCEEF900B0F107 /* Localizable.strings */; };
		4DF5FC8F26FD10CA00853D32 /* Objects.swift in Sources */ = {isa = PBXBuildFile; fileRef = 4DF5FC8E26FD10CA00853D32 /* Objects.swift */; };
		4DFDBF032703319900D19888 /* ProgressView.swift in Sources */ = {isa = PBXBuildFile; fileRef = 4DFDBF022703319900D19888 /* ProgressView.swift */; };
/* End PBXBuildFile section */

/* Begin PBXContainerItemProxy section */
		4D9E79DF26FCDF8900B0F107 /* PBXContainerItemProxy */ = {
			isa = PBXContainerItemProxy;
			containerPortal = 4D9E79DB26FCDF8900B0F107 /* NapoleonCore.xcodeproj */;
			proxyType = 2;
			remoteGlobalIDString = 6AFBBCCD2567922900A807A2;
			remoteInfo = NapoleonCore;
		};
/* End PBXContainerItemProxy section */

/* Begin PBXCopyFilesBuildPhase section */
		4D9E79E826FCE0B600B0F107 /* Embed Frameworks */ = {
			isa = PBXCopyFilesBuildPhase;
			buildActionMask = 2147483647;
			dstPath = "";
			dstSubfolderSpec = 10;
			files = (
				4D9E79E726FCE0B500B0F107 /* NapoleonCore.framework in Embed Frameworks */,
			);
			name = "Embed Frameworks";
			runOnlyForDeploymentPostprocessing = 0;
		};
/* End PBXCopyFilesBuildPhase section */

/* Begin PBXFileReference section */
		4D9E79BA26FCDC5300B0F107 /* Manager.app */ = {isa = PBXFileReference; explicitFileType = wrapper.application; includeInIndex = 0; path = Manager.app; sourceTree = BUILT_PRODUCTS_DIR; };
		4D9E79BD26FCDC5300B0F107 /* ManagerApp.swift */ = {isa = PBXFileReference; lastKnownFileType = sourcecode.swift; path = ManagerApp.swift; sourceTree = "<group>"; };
		4D9E79BF26FCDC5300B0F107 /* ContentView.swift */ = {isa = PBXFileReference; lastKnownFileType = sourcecode.swift; path = ContentView.swift; sourceTree = "<group>"; };
		4D9E79C126FCDC5300B0F107 /* Assets.xcassets */ = {isa = PBXFileReference; lastKnownFileType = folder.assetcatalog; path = Assets.xcassets; sourceTree = "<group>"; };
		4D9E79C426FCDC5300B0F107 /* Preview Assets.xcassets */ = {isa = PBXFileReference; lastKnownFileType = folder.assetcatalog; path = "Preview Assets.xcassets"; sourceTree = "<group>"; };
		4D9E79DB26FCDF8900B0F107 /* NapoleonCore.xcodeproj */ = {isa = PBXFileReference; lastKnownFileType = "wrapper.pb-project"; name = NapoleonCore.xcodeproj; path = ../NapoleonCore/NapoleonCore.xcodeproj; sourceTree = "<group>"; };
		4D9E79EB26FCEA9300B0F107 /* Settings.bundle */ = {isa = PBXFileReference; lastKnownFileType = "wrapper.plug-in"; path = Settings.bundle; sourceTree = SOURCE_ROOT; };
		4D9E79F126FCEEF900B0F107 /* ru */ = {isa = PBXFileReference; lastKnownFileType = text.plist.strings; name = ru; path = ru.lproj/Localizable.strings; sourceTree = "<group>"; };
		4D9E79F326FCEEFB00B0F107 /* en */ = {isa = PBXFileReference; lastKnownFileType = text.plist.strings; name = en; path = en.lproj/Localizable.strings; sourceTree = "<group>"; };
		4DF5FC8E26FD10CA00853D32 /* Objects.swift */ = {isa = PBXFileReference; lastKnownFileType = sourcecode.swift; path = Objects.swift; sourceTree = "<group>"; };
		4DFDBF022703319900D19888 /* ProgressView.swift */ = {isa = PBXFileReference; lastKnownFileType = sourcecode.swift; path = ProgressView.swift; sourceTree = "<group>"; };
/* End PBXFileReference section */

/* Begin PBXFrameworksBuildPhase section */
		4D9E79B726FCDC5300B0F107 /* Frameworks */ = {
			isa = PBXFrameworksBuildPhase;
			buildActionMask = 2147483647;
			files = (
				4D9E79E626FCE0B500B0F107 /* NapoleonCore.framework in Frameworks */,
			);
			runOnlyForDeploymentPostprocessing = 0;
		};
/* End PBXFrameworksBuildPhase section */

/* Begin PBXGroup section */
		4D9E79B126FCDC5300B0F107 = {
			isa = PBXGroup;
			children = (
				4D9E79DB26FCDF8900B0F107 /* NapoleonCore.xcodeproj */,
				4D9E79BC26FCDC5300B0F107 /* Manager */,
				4D9E79BB26FCDC5300B0F107 /* Products */,
				4D9E79E426FCE0B500B0F107 /* Frameworks */,
			);
			sourceTree = "<group>";
		};
		4D9E79BB26FCDC5300B0F107 /* Products */ = {
			isa = PBXGroup;
			children = (
				4D9E79BA26FCDC5300B0F107 /* Manager.app */,
			);
			name = Products;
			sourceTree = "<group>";
		};
		4D9E79BC26FCDC5300B0F107 /* Manager */ = {
			isa = PBXGroup;
			children = (
				4D9E79EB26FCEA9300B0F107 /* Settings.bundle */,
				4D9E79BD26FCDC5300B0F107 /* ManagerApp.swift */,
				4D9E79BF26FCDC5300B0F107 /* ContentView.swift */,
				4D9E79C126FCDC5300B0F107 /* Assets.xcassets */,
				4D9E79C326FCDC5300B0F107 /* Preview Content */,
				4D9E79F226FCEEF900B0F107 /* Localizable.strings */,
				4DF5FC8E26FD10CA00853D32 /* Objects.swift */,
				4DFDBF022703319900D19888 /* ProgressView.swift */,
			);
			path = Manager;
			sourceTree = "<group>";
		};
		4D9E79C326FCDC5300B0F107 /* Preview Content */ = {
			isa = PBXGroup;
			children = (
				4D9E79C426FCDC5300B0F107 /* Preview Assets.xcassets */,
			);
			path = "Preview Content";
			sourceTree = "<group>";
		};
		4D9E79DC26FCDF8900B0F107 /* Products */ = {
			isa = PBXGroup;
			children = (
				4D9E79E026FCDF8900B0F107 /* NapoleonCore.framework */,
			);
			name = Products;
			sourceTree = "<group>";
		};
		4D9E79E426FCE0B500B0F107 /* Frameworks */ = {
			isa = PBXGroup;
			children = (
			);
			name = Frameworks;
			sourceTree = "<group>";
		};
/* End PBXGroup section */

/* Begin PBXNativeTarget section */
		4D9E79B926FCDC5300B0F107 /* Manager */ = {
			isa = PBXNativeTarget;
			buildConfigurationList = 4D9E79C826FCDC5300B0F107 /* Build configuration list for PBXNativeTarget "Manager" */;
			buildPhases = (
				4D9E79B626FCDC5300B0F107 /* Sources */,
				4D9E79B726FCDC5300B0F107 /* Frameworks */,
				4D9E79B826FCDC5300B0F107 /* Resources */,
				4D9E79E826FCE0B600B0F107 /* Embed Frameworks */,
			);
			buildRules = (
			);
			dependencies = (
			);
			name = Manager;
			productName = Manager;
			productReference = 4D9E79BA26FCDC5300B0F107 /* Manager.app */;
			productType = "com.apple.product-type.application";
		};
/* End PBXNativeTarget section */

/* Begin PBXProject section */
		4D9E79B226FCDC5300B0F107 /* Project object */ = {
			isa = PBXProject;
			attributes = {
				BuildIndependentTargetsInParallel = 1;
				LastSwiftUpdateCheck = 1300;
				LastUpgradeCheck = 1300;
				TargetAttributes = {
					4D9E79B926FCDC5300B0F107 = {
						CreatedOnToolsVersion = 13.0;
					};
				};
			};
			buildConfigurationList = 4D9E79B526FCDC5300B0F107 /* Build configuration list for PBXProject "Manager" */;
			compatibilityVersion = "Xcode 13.0";
			developmentRegion = en;
			hasScannedForEncodings = 0;
			knownRegions = (
				en,
				Base,
				ru,
			);
			mainGroup = 4D9E79B126FCDC5300B0F107;
			productRefGroup = 4D9E79BB26FCDC5300B0F107 /* Products */;
			projectDirPath = "";
			projectReferences = (
				{
					ProductGroup = 4D9E79DC26FCDF8900B0F107 /* Products */;
					ProjectRef = 4D9E79DB26FCDF8900B0F107 /* NapoleonCore.xcodeproj */;
				},
			);
			projectRoot = "";
			targets = (
				4D9E79B926FCDC5300B0F107 /* Manager */,
			);
		};
/* End PBXProject section */

/* Begin PBXReferenceProxy section */
		4D9E79E026FCDF8900B0F107 /* NapoleonCore.framework */ = {
			isa = PBXReferenceProxy;
			fileType = wrapper.framework;
			path = NapoleonCore.framework;
			remoteRef = 4D9E79DF26FCDF8900B0F107 /* PBXContainerItemProxy */;
			sourceTree = BUILT_PRODUCTS_DIR;
		};
/* End PBXReferenceProxy section */

/* Begin PBXResourcesBuildPhase section */
		4D9E79B826FCDC5300B0F107 /* Resources */ = {
			isa = PBXResourcesBuildPhase;
			buildActionMask = 2147483647;
			files = (
				4D9E79C526FCDC5300B0F107 /* Preview Assets.xcassets in Resources */,
				4D9E79F026FCEEF900B0F107 /* Localizable.strings in Resources */,
				4D9E79EC26FCEA9300B0F107 /* Settings.bundle in Resources */,
				4D9E79C226FCDC5300B0F107 /* Assets.xcassets in Resources */,
			);
			runOnlyForDeploymentPostprocessing = 0;
		};
/* End PBXResourcesBuildPhase section */

/* Begin PBXSourcesBuildPhase section */
		4D9E79B626FCDC5300B0F107 /* Sources */ = {
			isa = PBXSourcesBuildPhase;
			buildActionMask = 2147483647;
			files = (
				4D9E79C026FCDC5300B0F107 /* ContentView.swift in Sources */,
				4DFDBF032703319900D19888 /* ProgressView.swift in Sources */,
				4DF5FC8F26FD10CA00853D32 /* Objects.swift in Sources */,
				4D9E79BE26FCDC5300B0F107 /* ManagerApp.swift in Sources */,
			);
			runOnlyForDeploymentPostprocessing = 0;
		};
/* End PBXSourcesBuildPhase section */

/* Begin PBXVariantGroup section */
		4D9E79F226FCEEF900B0F107 /* Localizable.strings */ = {
			isa = PBXVariantGroup;
			children = (
				4D9E79F126FCEEF900B0F107 /* ru */,
				4D9E79F326FCEEFB00B0F107 /* en */,
			);
			name = Localizable.strings;
			sourceTree = "<group>";
		};
/* End PBXVariantGroup section */

/* Begin XCBuildConfiguration section */
		4D9E79C626FCDC5300B0F107 /* Debug */ = {
			isa = XCBuildConfiguration;
			buildSettings = {
				ALWAYS_SEARCH_USER_PATHS = NO;
				CLANG_ANALYZER_NONNULL = YES;
				CLANG_ANALYZER_NUMBER_OBJECT_CONVERSION = YES_AGGRESSIVE;
				CLANG_CXX_LANGUAGE_STANDARD = "gnu++17";
				CLANG_CXX_LIBRARY = "libc++";
				CLANG_ENABLE_MODULES = YES;
				CLANG_ENABLE_OBJC_ARC = YES;
				CLANG_ENABLE_OBJC_WEAK = YES;
				CLANG_WARN_BLOCK_CAPTURE_AUTORELEASING = YES;
				CLANG_WARN_BOOL_CONVERSION = YES;
				CLANG_WARN_COMMA = YES;
				CLANG_WARN_CONSTANT_CONVERSION = YES;
				CLANG_WARN_DEPRECATED_OBJC_IMPLEMENTATIONS = YES;
				CLANG_WARN_DIRECT_OBJC_ISA_USAGE = YES_ERROR;
				CLANG_WARN_DOCUMENTATION_COMMENTS = YES;
				CLANG_WARN_EMPTY_BODY = YES;
				CLANG_WARN_ENUM_CONVERSION = YES;
				CLANG_WARN_INFINITE_RECURSION = YES;
				CLANG_WARN_INT_CONVERSION = YES;
				CLANG_WARN_NON_LITERAL_NULL_CONVERSION = YES;
				CLANG_WARN_OBJC_IMPLICIT_RETAIN_SELF = YES;
				CLANG_WARN_OBJC_LITERAL_CONVERSION = YES;
				CLANG_WARN_OBJC_ROOT_CLASS = YES_ERROR;
				CLANG_WARN_QUOTED_INCLUDE_IN_FRAMEWORK_HEADER = YES;
				CLANG_WARN_RANGE_LOOP_ANALYSIS = YES;
				CLANG_WARN_STRICT_PROTOTYPES = YES;
				CLANG_WARN_SUSPICIOUS_MOVE = YES;
				CLANG_WARN_UNGUARDED_AVAILABILITY = YES_AGGRESSIVE;
				CLANG_WARN_UNREACHABLE_CODE = YES;
				CLANG_WARN__DUPLICATE_METHOD_MATCH = YES;
				COPY_PHASE_STRIP = NO;
				DEBUG_INFORMATION_FORMAT = dwarf;
				ENABLE_STRICT_OBJC_MSGSEND = YES;
				ENABLE_TESTABILITY = YES;
				GCC_C_LANGUAGE_STANDARD = gnu11;
				GCC_DYNAMIC_NO_PIC = NO;
				GCC_NO_COMMON_BLOCKS = YES;
				GCC_OPTIMIZATION_LEVEL = 0;
				GCC_PREPROCESSOR_DEFINITIONS = (
					"DEBUG=1",
					"$(inherited)",
				);
				GCC_WARN_64_TO_32_BIT_CONVERSION = YES;
				GCC_WARN_ABOUT_RETURN_TYPE = YES_ERROR;
				GCC_WARN_UNDECLARED_SELECTOR = YES;
				GCC_WARN_UNINITIALIZED_AUTOS = YES_AGGRESSIVE;
				GCC_WARN_UNUSED_FUNCTION = YES;
				GCC_WARN_UNUSED_VARIABLE = YES;
				IPHONEOS_DEPLOYMENT_TARGET = 15.0;
				MTL_ENABLE_DEBUG_INFO = INCLUDE_SOURCE;
				MTL_FAST_MATH = YES;
				ONLY_ACTIVE_ARCH = YES;
				SDKROOT = iphoneos;
				SWIFT_ACTIVE_COMPILATION_CONDITIONS = DEBUG;
				SWIFT_OPTIMIZATION_LEVEL = "-Onone";
			};
			name = Debug;
		};
		4D9E79C726FCDC5300B0F107 /* Release */ = {
			isa = XCBuildConfiguration;
			buildSettings = {
				ALWAYS_SEARCH_USER_PATHS = NO;
				CLANG_ANALYZER_NONNULL = YES;
				CLANG_ANALYZER_NUMBER_OBJECT_CONVERSION = YES_AGGRESSIVE;
				CLANG_CXX_LANGUAGE_STANDARD = "gnu++17";
				CLANG_CXX_LIBRARY = "libc++";
				CLANG_ENABLE_MODULES = YES;
				CLANG_ENABLE_OBJC_ARC = YES;
				CLANG_ENABLE_OBJC_WEAK = YES;
				CLANG_WARN_BLOCK_CAPTURE_AUTORELEASING = YES;
				CLANG_WARN_BOOL_CONVERSION = YES;
				CLANG_WARN_COMMA = YES;
				CLANG_WARN_CONSTANT_CONVERSION = YES;
				CLANG_WARN_DEPRECATED_OBJC_IMPLEMENTATIONS = YES;
				CLANG_WARN_DIRECT_OBJC_ISA_USAGE = YES_ERROR;
				CLANG_WARN_DOCUMENTATION_COMMENTS = YES;
				CLANG_WARN_EMPTY_BODY = YES;
				CLANG_WARN_ENUM_CONVERSION = YES;
				CLANG_WARN_INFINITE_RECURSION = YES;
				CLANG_WARN_INT_CONVERSION = YES;
				CLANG_WARN_NON_LITERAL_NULL_CONVERSION = YES;
				CLANG_WARN_OBJC_IMPLICIT_RETAIN_SELF = YES;
				CLANG_WARN_OBJC_LITERAL_CONVERSION = YES;
				CLANG_WARN_OBJC_ROOT_CLASS = YES_ERROR;
				CLANG_WARN_QUOTED_INCLUDE_IN_FRAMEWORK_HEADER = YES;
				CLANG_WARN_RANGE_LOOP_ANALYSIS = YES;
				CLANG_WARN_STRICT_PROTOTYPES = YES;
				CLANG_WARN_SUSPICIOUS_MOVE = YES;
				CLANG_WARN_UNGUARDED_AVAILABILITY = YES_AGGRESSIVE;
				CLANG_WARN_UNREACHABLE_CODE = YES;
				CLANG_WARN__DUPLICATE_METHOD_MATCH = YES;
				COPY_PHASE_STRIP = NO;
				DEBUG_INFORMATION_FORMAT = "dwarf-with-dsym";
				ENABLE_NS_ASSERTIONS = NO;
				ENABLE_STRICT_OBJC_MSGSEND = YES;
				GCC_C_LANGUAGE_STANDARD = gnu11;
				GCC_NO_COMMON_BLOCKS = YES;
				GCC_WARN_64_TO_32_BIT_CONVERSION = YES;
				GCC_WARN_ABOUT_RETURN_TYPE = YES_ERROR;
				GCC_WARN_UNDECLARED_SELECTOR = YES;
				GCC_WARN_UNINITIALIZED_AUTOS = YES_AGGRESSIVE;
				GCC_WARN_UNUSED_FUNCTION = YES;
				GCC_WARN_UNUSED_VARIABLE = YES;
				IPHONEOS_DEPLOYMENT_TARGET = 15.0;
				MTL_ENABLE_DEBUG_INFO = NO;
				MTL_FAST_MATH = YES;
				SDKROOT = iphoneos;
				SWIFT_COMPILATION_MODE = wholemodule;
				SWIFT_OPTIMIZATION_LEVEL = "-O";
				VALIDATE_PRODUCT = YES;
			};
			name = Release;
		};
		4D9E79C926FCDC5300B0F107 /* Debug */ = {
			isa = XCBuildConfiguration;
			buildSettings = {
				ASSETCATALOG_COMPILER_APPICON_NAME = AppIcon;
				ASSETCATALOG_COMPILER_GLOBAL_ACCENT_COLOR_NAME = AccentColor;
				CODE_SIGN_STYLE = Automatic;
				CURRENT_PROJECT_VERSION = 1;
				DEVELOPMENT_ASSET_PATHS = "\"Manager/Preview Content\"";
				DEVELOPMENT_TEAM = L5XD9PAWVT;
				ENABLE_PREVIEWS = YES;
				GENERATE_INFOPLIST_FILE = YES;
				INFOPLIST_KEY_UIApplicationSceneManifest_Generation = YES;
				INFOPLIST_KEY_UIApplicationSupportsIndirectInputEvents = YES;
				INFOPLIST_KEY_UILaunchScreen_Generation = YES;
				INFOPLIST_KEY_UISupportedInterfaceOrientations_iPad = "UIInterfaceOrientationPortrait UIInterfaceOrientationPortraitUpsideDown UIInterfaceOrientationLandscapeLeft UIInterfaceOrientationLandscapeRight";
				INFOPLIST_KEY_UISupportedInterfaceOrientations_iPhone = "UIInterfaceOrientationPortrait UIInterfaceOrientationLandscapeLeft UIInterfaceOrientationLandscapeRight";
				IPHONEOS_DEPLOYMENT_TARGET = 14.0;
				LD_RUNPATH_SEARCH_PATHS = (
					"$(inherited)",
					"@executable_path/Frameworks",
				);
				MARKETING_VERSION = 1.0;
				PRODUCT_BUNDLE_IDENTIFIER = com.grsoft.ios.napoleon.manager.Manager;
				PRODUCT_NAME = "$(TARGET_NAME)";
				SWIFT_EMIT_LOC_STRINGS = YES;
				SWIFT_VERSION = 5.0;
				TARGETED_DEVICE_FAMILY = "1,2";
			};
			name = Debug;
		};
		4D9E79CA26FCDC5300B0F107 /* Release */ = {
			isa = XCBuildConfiguration;
			buildSettings = {
				ASSETCATALOG_COMPILER_APPICON_NAME = AppIcon;
				ASSETCATALOG_COMPILER_GLOBAL_ACCENT_COLOR_NAME = AccentColor;
				CODE_SIGN_STYLE = Automatic;
				CURRENT_PROJECT_VERSION = 1;
				DEVELOPMENT_ASSET_PATHS = "\"Manager/Preview Content\"";
				DEVELOPMENT_TEAM = L5XD9PAWVT;
				ENABLE_PREVIEWS = YES;
				GENERATE_INFOPLIST_FILE = YES;
				INFOPLIST_KEY_UIApplicationSceneManifest_Generation = YES;
				INFOPLIST_KEY_UIApplicationSupportsIndirectInputEvents = YES;
				INFOPLIST_KEY_UILaunchScreen_Generation = YES;
				INFOPLIST_KEY_UISupportedInterfaceOrientations_iPad = "UIInterfaceOrientationPortrait UIInterfaceOrientationPortraitUpsideDown UIInterfaceOrientationLandscapeLeft UIInterfaceOrientationLandscapeRight";
				INFOPLIST_KEY_UISupportedInterfaceOrientations_iPhone = "UIInterfaceOrientationPortrait UIInterfaceOrientationLandscapeLeft UIInterfaceOrientationLandscapeRight";
				IPHONEOS_DEPLOYMENT_TARGET = 14.0;
				LD_RUNPATH_SEARCH_PATHS = (
					"$(inherited)",
					"@executable_path/Frameworks",
				);
				MARKETING_VERSION = 1.0;
				PRODUCT_BUNDLE_IDENTIFIER = com.grsoft.ios.napoleon.manager.Manager;
				PRODUCT_NAME = "$(TARGET_NAME)";
				SWIFT_EMIT_LOC_STRINGS = YES;
				SWIFT_VERSION = 5.0;
				TARGETED_DEVICE_FAMILY = "1,2";
			};
			name = Release;
		};
/* End XCBuildConfiguration section */

/* Begin XCConfigurationList section */
		4D9E79B526FCDC5300B0F107 /* Build configuration list for PBXProject "Manager" */ = {
			isa = XCConfigurationList;
			buildConfigurations = (
				4D9E79C626FCDC5300B0F107 /* Debug */,
				4D9E79C726FCDC5300B0F107 /* Release */,
			);
			defaultConfigurationIsVisible = 0;
			defaultConfigurationName = Release;
		};
		4D9E79C826FCDC5300B0F107 /* Build configuration list for PBXNativeTarget "Manager" */ = {
			isa = XCConfigurationList;
			buildConfigurations = (
				4D9E79C926FCDC5300B0F107 /* Debug */,
				4D9E79CA26FCDC5300B0F107 /* Release */,
			);
			defaultConfigurationIsVisible = 0;
			defaultConfigurationName = Release;
		};
/* End XCConfigurationList section */
	};
	rootObject = 4D9E79B226FCDC5300B0F107 /* Project object */;
}
