
Microsoft Visual Studio Solution File, Format Version 12.00
# Visual Studio 2013
VisualStudioVersion = 12.0.40629.0
MinimumVisualStudioVersion = 10.0.40219.1
Project("{8BC9CEB8-8B4A-11D0-8D11-00A0C91BC942}") = "Reporter", "Reporter.vcxproj", "{C84A18FB-FD30-427B-B2B9-E2F9F87C7876}"
EndProject
Project("{8BC9CEB8-8B4A-11D0-8D11-00A0C91BC942}") = "Lib.pc.rt", "..\..\..\Lib.pc\Lib.pc.rt.vcxproj", "{6EEF0E45-4F85-4116-8CD1-048631B36737}"
EndProject
Global
	GlobalSection(SolutionConfigurationPlatforms) = preSolution
		Debug|Win32 = Debug|Win32
		Debug|x64 = Debug|x64
		Release|Win32 = Release|Win32
		Release|x64 = Release|x64
	EndGlobalSection
	GlobalSection(ProjectConfigurationPlatforms) = postSolution
		{C84A18FB-FD30-427B-B2B9-E2F9F87C7876}.Debug|Win32.ActiveCfg = Debug|Win32
		{C84A18FB-FD30-427B-B2B9-E2F9F87C7876}.Debug|Win32.Build.0 = Debug|Win32
		{C84A18FB-FD30-427B-B2B9-E2F9F87C7876}.Debug|x64.ActiveCfg = Debug|x64
		{C84A18FB-FD30-427B-B2B9-E2F9F87C7876}.Debug|x64.Build.0 = Debug|x64
		{C84A18FB-FD30-427B-B2B9-E2F9F87C7876}.Release|Win32.ActiveCfg = Release|Win32
		{C84A18FB-FD30-427B-B2B9-E2F9F87C7876}.Release|Win32.Build.0 = Release|Win32
		{C84A18FB-FD30-427B-B2B9-E2F9F87C7876}.Release|x64.ActiveCfg = Release|x64
		{C84A18FB-FD30-427B-B2B9-E2F9F87C7876}.Release|x64.Build.0 = Release|x64
		{6EEF0E45-4F85-4116-8CD1-048631B36737}.Debug|Win32.ActiveCfg = Debug|Win32
		{6EEF0E45-4F85-4116-8CD1-048631B36737}.Debug|Win32.Build.0 = Debug|Win32
		{6EEF0E45-4F85-4116-8CD1-048631B36737}.Debug|x64.ActiveCfg = Debug|x64
		{6EEF0E45-4F85-4116-8CD1-048631B36737}.Debug|x64.Build.0 = Debug|x64
		{6EEF0E45-4F85-4116-8CD1-048631B36737}.Release|Win32.ActiveCfg = Release|Win32
		{6EEF0E45-4F85-4116-8CD1-048631B36737}.Release|Win32.Build.0 = Release|Win32
		{6EEF0E45-4F85-4116-8CD1-048631B36737}.Release|x64.ActiveCfg = Release|x64
		{6EEF0E45-4F85-4116-8CD1-048631B36737}.Release|x64.Build.0 = Release|x64
	EndGlobalSection
	GlobalSection(SolutionProperties) = preSolution
		HideSolutionNode = FALSE
	EndGlobalSection
EndGlobal
